// !$*UTF8*$!
{
	archiveVersion = 1;
	classes = {
	};
	objectVersion = 50;
	objects = {

/* Begin PBXBuildFile section */
		1046000122D5F6A9001698C5 /* AddTaskViewController.swift in Sources */ = {isa = PBXBuildFile; fileRef = 1046000022D5F6A9001698C5 /* AddTaskViewController.swift */; };
		1046FFBD22D5C626001698C5 /* AppDelegate.swift in Sources */ = {isa = PBXBuildFile; fileRef = 1046FFBC22D5C626001698C5 /* AppDelegate.swift */; };
		1046FFBF22D5C626001698C5 /* SceneDelegate.swift in Sources */ = {isa = PBXBuildFile; fileRef = 1046FFBE22D5C626001698C5 /* SceneDelegate.swift */; };
		1046FFC422D5C626001698C5 /* Main.storyboard in Resources */ = {isa = PBXBuildFile; fileRef = 1046FFC222D5C626001698C5 /* Main.storyboard */; };
		1046FFC722D5C626001698C5 /* TODOAPP.xcdatamodeld in Sources */ = {isa = PBXBuildFile; fileRef = 1046FFC522D5C626001698C5 /* TODOAPP.xcdatamodeld */; };
		1046FFC922D5C626001698C5 /* Assets.xcassets in Resources */ = {isa = PBXBuildFile; fileRef = 1046FFC822D5C626001698C5 /* Assets.xcassets */; };
		1046FFCC22D5C626001698C5 /* LaunchScreen.storyboard in Resources */ = {isa = PBXBuildFile; fileRef = 1046FFCA22D5C626001698C5 /* LaunchScreen.storyboard */; };
		1046FFD722D5C626001698C5 /* TODOAPPTests.swift in Sources */ = {isa = PBXBuildFile; fileRef = 1046FFD622D5C626001698C5 /* TODOAPPTests.swift */; };
		1046FFE222D5C626001698C5 /* TODOAPPUITests.swift in Sources */ = {isa = PBXBuildFile; fileRef = 1046FFE122D5C626001698C5 /* TODOAPPUITests.swift */; };
		1046FFF022D5CA89001698C5 /* TodosTableViewController.swift in Sources */ = {isa = PBXBuildFile; fileRef = 1046FFEF22D5CA89001698C5 /* TodosTableViewController.swift */; };
		1046FFF222D5CEA1001698C5 /* Task.swift in Sources */ = {isa = PBXBuildFile; fileRef = 1046FFF122D5CEA1001698C5 /* Task.swift */; };
/* End PBXBuildFile section */

/* Begin PBXContainerItemProxy section */
		1046FFD322D5C626001698C5 /* PBXContainerItemProxy */ = {
			isa = PBXContainerItemProxy;
			containerPortal = 1046FFB122D5C626001698C5 /* Project object */;
			proxyType = 1;
			remoteGlobalIDString = 1046FFB822D5C626001698C5;
			remoteInfo = TODOAPP;
		};
		1046FFDE22D5C626001698C5 /* PBXContainerItemProxy */ = {
			isa = PBXContainerItemProxy;
			containerPortal = 1046FFB122D5C626001698C5 /* Project object */;
			proxyType = 1;
			remoteGlobalIDString = 1046FFB822D5C626001698C5;
			remoteInfo = TODOAPP;
		};
/* End PBXContainerItemProxy section */

/* Begin PBXFileReference section */
		1046000022D5F6A9001698C5 /* AddTaskViewController.swift */ = {isa = PBXFileReference; lastKnownFileType = sourcecode.swift; path = AddTaskViewController.swift; sourceTree = "<group>"; };
		1046FFB922D5C626001698C5 /* TODOAPP.app */ = {isa = PBXFileReference; explicitFileType = wrapper.application; includeInIndex = 0; path = TODOAPP.app; sourceTree = BUILT_PRODUCTS_DIR; };
		1046FFBC22D5C626001698C5 /* AppDelegate.swift */ = {isa = PBXFileReference; lastKnownFileType = sourcecode.swift; path = AppDelegate.swift; sourceTree = "<group>"; };
		1046FFBE22D5C626001698C5 /* SceneDelegate.swift */ = {isa = PBXFileReference; lastKnownFileType = sourcecode.swift; path = SceneDelegate.swift; sourceTree = "<group>"; };
		1046FFC322D5C626001698C5 /* Base */ = {isa = PBXFileReference; lastKnownFileType = file.storyboard; name = Base; path = Base.lproj/Main.storyboard; sourceTree = "<group>"; };
		1046FFC622D5C626001698C5 /* TODOAPP.xcdatamodel */ = {isa = PBXFileReference; lastKnownFileType = wrapper.xcdatamodel; path = TODOAPP.xcdatamodel; sourceTree = "<group>"; };
		1046FFC822D5C626001698C5 /* Assets.xcassets */ = {isa = PBXFileReference; lastKnownFileType = folder.assetcatalog; path = Assets.xcassets; sourceTree = "<group>"; };
		1046FFCB22D5C626001698C5 /* Base */ = {isa = PBXFileReference; lastKnownFileType = file.storyboard; name = Base; path = Base.lproj/LaunchScreen.storyboard; sourceTree = "<group>"; };
		1046FFCD22D5C626001698C5 /* Info.plist */ = {isa = PBXFileReference; lastKnownFileType = text.plist.xml; path = Info.plist; sourceTree = "<group>"; };
		1046FFD222D5C626001698C5 /* TODOAPPTests.xctest */ = {isa = PBXFileReference; explicitFileType = wrapper.cfbundle; includeInIndex = 0; path = TODOAPPTests.xctest; sourceTree = BUILT_PRODUCTS_DIR; };
		1046FFD622D5C626001698C5 /* TODOAPPTests.swift */ = {isa = PBXFileReference; lastKnownFileType = sourcecode.swift; path = TODOAPPTests.swift; sourceTree = "<group>"; };
		1046FFD822D5C626001698C5 /* Info.plist */ = {isa = PBXFileReference; lastKnownFileType = text.plist.xml; path = Info.plist; sourceTree = "<group>"; };
		1046FFDD22D5C626001698C5 /* TODOAPPUITests.xctest */ = {isa = PBXFileReference; explicitFileType = wrapper.cfbundle; includeInIndex = 0; path = TODOAPPUITests.xctest; sourceTree = BUILT_PRODUCTS_DIR; };
		1046FFE122D5C626001698C5 /* TODOAPPUITests.swift */ = {isa = PBXFileReference; lastKnownFileType = sourcecode.swift; path = TODOAPPUITests.swift; sourceTree = "<group>"; };
		1046FFE322D5C626001698C5 /* Info.plist */ = {isa = PBXFileReference; lastKnownFileType = text.plist.xml; path = Info.plist; sourceTree = "<group>"; };
		1046FFEF22D5CA89001698C5 /* TodosTableViewController.swift */ = {isa = PBXFileReference; lastKnownFileType = sourcecode.swift; path = TodosTableViewController.swift; sourceTree = "<group>"; };
		1046FFF122D5CEA1001698C5 /* Task.swift */ = {isa = PBXFileReference; lastKnownFileType = sourcecode.swift; path = Task.swift; sourceTree = "<group>"; };
/* End PBXFileReference section */

/* Begin PBXFrameworksBuildPhase section */
		1046FFB622D5C626001698C5 /* Frameworks */ = {
			isa = PBXFrameworksBuildPhase;
			buildActionMask = 2147483647;
			files = (
			);
			runOnlyForDeploymentPostprocessing = 0;
		};
		1046FFCF22D5C626001698C5 /* Frameworks */ = {
			isa = PBXFrameworksBuildPhase;
			buildActionMask = 2147483647;
			files = (
			);
			runOnlyForDeploymentPostprocessing = 0;
		};
		1046FFDA22D5C626001698C5 /* Frameworks */ = {
			isa = PBXFrameworksBuildPhase;
			buildActionMask = 2147483647;
			files = (
			);
			runOnlyForDeploymentPostprocessing = 0;
		};
/* End PBXFrameworksBuildPhase section */

/* Begin PBXGroup section */
		1046000322D600CF001698C5 /* controllers */ = {
			isa = PBXGroup;
			children = (
				1046FFEF22D5CA89001698C5 /* TodosTableViewController.swift */,
				1046000022D5F6A9001698C5 /* AddTaskViewController.swift */,
			);
			path = controllers;
			sourceTree = "<group>";
		};
		1046FFB022D5C626001698C5 = {
			isa = PBXGroup;
			children = (
				1046FFBB22D5C626001698C5 /* TODOAPP */,
				1046FFD522D5C626001698C5 /* TODOAPPTests */,
				1046FFE022D5C626001698C5 /* TODOAPPUITests */,
				1046FFBA22D5C626001698C5 /* Products */,
			);
			sourceTree = "<group>";
		};
		1046FFBA22D5C626001698C5 /* Products */ = {
			isa = PBXGroup;
			children = (
				1046FFB922D5C626001698C5 /* TODOAPP.app */,
				1046FFD222D5C626001698C5 /* TODOAPPTests.xctest */,
				1046FFDD22D5C626001698C5 /* TODOAPPUITests.xctest */,
			);
			name = Products;
			sourceTree = "<group>";
		};
		1046FFBB22D5C626001698C5 /* TODOAPP */ = {
			isa = PBXGroup;
			children = (
				1046FFF122D5CEA1001698C5 /* Task.swift */,
				1046000322D600CF001698C5 /* controllers */,
				1046FFBC22D5C626001698C5 /* AppDelegate.swift */,
				1046FFBE22D5C626001698C5 /* SceneDelegate.swift */,
				1046FFC222D5C626001698C5 /* Main.storyboard */,
				1046FFC822D5C626001698C5 /* Assets.xcassets */,
				1046FFCA22D5C626001698C5 /* LaunchScreen.storyboard */,
				1046FFCD22D5C626001698C5 /* Info.plist */,
				1046FFC522D5C626001698C5 /* TODOAPP.xcdatamodeld */,
			);
			path = TODOAPP;
			sourceTree = "<group>";
		};
		1046FFD522D5C626001698C5 /* TODOAPPTests */ = {
			isa = PBXGroup;
			children = (
				1046FFD622D5C626001698C5 /* TODOAPPTests.swift */,
				1046FFD822D5C626001698C5 /* Info.plist */,
			);
			path = TODOAPPTests;
			sourceTree = "<group>";
		};
		1046FFE022D5C626001698C5 /* TODOAPPUITests */ = {
			isa = PBXGroup;
			children = (
				1046FFE122D5C626001698C5 /* TODOAPPUITests.swift */,
				1046FFE322D5C626001698C5 /* Info.plist */,
			);
			path = TODOAPPUITests;
			sourceTree = "<group>";
		};
/* End PBXGroup section */

/* Begin PBXNativeTarget section */
		1046FFB822D5C626001698C5 /* TODOAPP */ = {
			isa = PBXNativeTarget;
			buildConfigurationList = 1046FFE622D5C626001698C5 /* Build configuration list for PBXNativeTarget "TODOAPP" */;
			buildPhases = (
				1046FFB522D5C626001698C5 /* Sources */,
				1046FFB622D5C626001698C5 /* Frameworks */,
				1046FFB722D5C626001698C5 /* Resources */,
			);
			buildRules = (
			);
			dependencies = (
			);
			name = TODOAPP;
			productName = TODOAPP;
			productReference = 1046FFB922D5C626001698C5 /* TODOAPP.app */;
			productType = "com.apple.product-type.application";
		};
		1046FFD122D5C626001698C5 /* TODOAPPTests */ = {
			isa = PBXNativeTarget;
			buildConfigurationList = 1046FFE922D5C626001698C5 /* Build configuration list for PBXNativeTarget "TODOAPPTests" */;
			buildPhases = (
				1046FFCE22D5C626001698C5 /* Sources */,
				1046FFCF22D5C626001698C5 /* Frameworks */,
				1046FFD022D5C626001698C5 /* Resources */,
			);
			buildRules = (
			);
			dependencies = (
				1046FFD422D5C626001698C5 /* PBXTargetDependency */,
			);
			name = TODOAPPTests;
			productName = TODOAPPTests;
			productReference = 1046FFD222D5C626001698C5 /* TODOAPPTests.xctest */;
			productType = "com.apple.product-type.bundle.unit-test";
		};
		1046FFDC22D5C626001698C5 /* TODOAPPUITests */ = {
			isa = PBXNativeTarget;
			buildConfigurationList = 1046FFEC22D5C626001698C5 /* Build configuration list for PBXNativeTarget "TODOAPPUITests" */;
			buildPhases = (
				1046FFD922D5C626001698C5 /* Sources */,
				1046FFDA22D5C626001698C5 /* Frameworks */,
				1046FFDB22D5C626001698C5 /* Resources */,
			);
			buildRules = (
			);
			dependencies = (
				1046FFDF22D5C626001698C5 /* PBXTargetDependency */,
			);
			name = TODOAPPUITests;
			productName = TODOAPPUITests;
			productReference = 1046FFDD22D5C626001698C5 /* TODOAPPUITests.xctest */;
			productType = "com.apple.product-type.bundle.ui-testing";
		};
/* End PBXNativeTarget section */

/* Begin PBXProject section */
		1046FFB122D5C626001698C5 /* Project object */ = {
			isa = PBXProject;
			attributes = {
				LastSwiftUpdateCheck = 1100;
				LastUpgradeCheck = 1100;
				ORGANIZATIONNAME = "Tomasz Kot";
				TargetAttributes = {
					1046FFB822D5C626001698C5 = {
						CreatedOnToolsVersion = 11.0;
					};
					1046FFD122D5C626001698C5 = {
						CreatedOnToolsVersion = 11.0;
						TestTargetID = 1046FFB822D5C626001698C5;
					};
					1046FFDC22D5C626001698C5 = {
						CreatedOnToolsVersion = 11.0;
						TestTargetID = 1046FFB822D5C626001698C5;
					};
				};
			};
			buildConfigurationList = 1046FFB422D5C626001698C5 /* Build configuration list for PBXProject "TODOAPP" */;
			compatibilityVersion = "Xcode 9.3";
			developmentRegion = en;
			hasScannedForEncodings = 0;
			knownRegions = (
				en,
				Base,
			);
			mainGroup = 1046FFB022D5C626001698C5;
			productRefGroup = 1046FFBA22D5C626001698C5 /* Products */;
			projectDirPath = "";
			projectRoot = "";
			targets = (
				1046FFB822D5C626001698C5 /* TODOAPP */,
				1046FFD122D5C626001698C5 /* TODOAPPTests */,
				1046FFDC22D5C626001698C5 /* TODOAPPUITests */,
			);
		};
/* End PBXProject section */

/* Begin PBXResourcesBuildPhase section */
		1046FFB722D5C626001698C5 /* Resources */ = {
			isa = PBXResourcesBuildPhase;
			buildActionMask = 2147483647;
			files = (
				1046FFCC22D5C626001698C5 /* LaunchScreen.storyboard in Resources */,
				1046FFC922D5C626001698C5 /* Assets.xcassets in Resources */,
				1046FFC422D5C626001698C5 /* Main.storyboard in Resources */,
			);
			runOnlyForDeploymentPostprocessing = 0;
		};
		1046FFD022D5C626001698C5 /* Resources */ = {
			isa = PBXResourcesBuildPhase;
			buildActionMask = 2147483647;
			files = (
			);
			runOnlyForDeploymentPostprocessing = 0;
		};
		1046FFDB22D5C626001698C5 /* Resources */ = {
			isa = PBXResourcesBuildPhase;
			buildActionMask = 2147483647;
			files = (
			);
			runOnlyForDeploymentPostprocessing = 0;
		};
/* End PBXResourcesBuildPhase section */

/* Begin PBXSourcesBuildPhase section */
		1046FFB522D5C626001698C5 /* Sources */ = {
			isa = PBXSourcesBuildPhase;
			buildActionMask = 2147483647;
			files = (
				1046FFBD22D5C626001698C5 /* AppDelegate.swift in Sources */,
				1046FFBF22D5C626001698C5 /* SceneDelegate.swift in Sources */,
				1046FFF022D5CA89001698C5 /* TodosTableViewController.swift in Sources */,
				1046FFF222D5CEA1001698C5 /* Task.swift in Sources */,
				1046FFC722D5C626001698C5 /* TODOAPP.xcdatamodeld in Sources */,
				1046000122D5F6A9001698C5 /* AddTaskViewController.swift in Sources */,
			);
			runOnlyForDeploymentPostprocessing = 0;
		};
		1046FFCE22D5C626001698C5 /* Sources */ = {
			isa = PBXSourcesBuildPhase;
			buildActionMask = 2147483647;
			files = (
				1046FFD722D5C626001698C5 /* TODOAPPTests.swift in Sources */,
			);
			runOnlyForDeploymentPostprocessing = 0;
		};
		1046FFD922D5C626001698C5 /* Sources */ = {
			isa = PBXSourcesBuildPhase;
			buildActionMask = 2147483647;
			files = (
				1046FFE222D5C626001698C5 /* TODOAPPUITests.swift in Sources */,
			);
			runOnlyForDeploymentPostprocessing = 0;
		};
/* End PBXSourcesBuildPhase section */

/* Begin PBXTargetDependency section */
		1046FFD422D5C626001698C5 /* PBXTargetDependency */ = {
			isa = PBXTargetDependency;
			target = 1046FFB822D5C626001698C5 /* TODOAPP */;
			targetProxy = 1046FFD322D5C626001698C5 /* PBXContainerItemProxy */;
		};
		1046FFDF22D5C626001698C5 /* PBXTargetDependency */ = {
			isa = PBXTargetDependency;
			target = 1046FFB822D5C626001698C5 /* TODOAPP */;
			targetProxy = 1046FFDE22D5C626001698C5 /* PBXContainerItemProxy */;
		};
/* End PBXTargetDependency section */

/* Begin PBXVariantGroup section */
		1046FFC222D5C626001698C5 /* Main.storyboard */ = {
			isa = PBXVariantGroup;
			children = (
				1046FFC322D5C626001698C5 /* Base */,
			);
			name = Main.storyboard;
			sourceTree = "<group>";
		};
		1046FFCA22D5C626001698C5 /* LaunchScreen.storyboard */ = {
			isa = PBXVariantGroup;
			children = (
				1046FFCB22D5C626001698C5 /* Base */,
			);
			name = LaunchScreen.storyboard;
			sourceTree = "<group>";
		};
/* End PBXVariantGroup section */

/* Begin XCBuildConfiguration section */
		1046FFE422D5C626001698C5 /* Debug */ = {
			isa = XCBuildConfiguration;
			buildSettings = {
				ALWAYS_SEARCH_USER_PATHS = NO;
				CLANG_ANALYZER_NONNULL = YES;
				CLANG_ANALYZER_NUMBER_OBJECT_CONVERSION = YES_AGGRESSIVE;
				CLANG_CXX_LANGUAGE_STANDARD = "gnu++14";
				CLANG_CXX_LIBRARY = "libc++";
				CLANG_ENABLE_MODULES = YES;
				CLANG_ENABLE_OBJC_ARC = YES;
				CLANG_ENABLE_OBJC_WEAK = YES;
				CLANG_WARN_BLOCK_CAPTURE_AUTORELEASING = YES;
				CLANG_WARN_BOOL_CONVERSION = YES;
				CLANG_WARN_COMMA = YES;
				CLANG_WARN_CONSTANT_CONVERSION = YES;
				CLANG_WARN_DEPRECATED_OBJC_IMPLEMENTATIONS = YES;
				CLANG_WARN_DIRECT_OBJC_ISA_USAGE = YES_ERROR;
				CLANG_WARN_DOCUMENTATION_COMMENTS = YES;
				CLANG_WARN_EMPTY_BODY = YES;
				CLANG_WARN_ENUM_CONVERSION = YES;
				CLANG_WARN_INFINITE_RECURSION = YES;
				CLANG_WARN_INT_CONVERSION = YES;
				CLANG_WARN_NON_LITERAL_NULL_CONVERSION = YES;
				CLANG_WARN_OBJC_IMPLICIT_RETAIN_SELF = YES;
				CLANG_WARN_OBJC_LITERAL_CONVERSION = YES;
				CLANG_WARN_OBJC_ROOT_CLASS = YES_ERROR;
				CLANG_WARN_RANGE_LOOP_ANALYSIS = YES;
				CLANG_WARN_STRICT_PROTOTYPES = YES;
				CLANG_WARN_SUSPICIOUS_MOVE = YES;
				CLANG_WARN_UNGUARDED_AVAILABILITY = YES_AGGRESSIVE;
				CLANG_WARN_UNREACHABLE_CODE = YES;
				CLANG_WARN__DUPLICATE_METHOD_MATCH = YES;
				COPY_PHASE_STRIP = NO;
				DEBUG_INFORMATION_FORMAT = dwarf;
				ENABLE_STRICT_OBJC_MSGSEND = YES;
				ENABLE_TESTABILITY = YES;
				GCC_C_LANGUAGE_STANDARD = gnu11;
				GCC_DYNAMIC_NO_PIC = NO;
				GCC_NO_COMMON_BLOCKS = YES;
				GCC_OPTIMIZATION_LEVEL = 0;
				GCC_PREPROCESSOR_DEFINITIONS = (
					"DEBUG=1",
					"$(inherited)",
				);
				GCC_WARN_64_TO_32_BIT_CONVERSION = YES;
				GCC_WARN_ABOUT_RETURN_TYPE = YES_ERROR;
				GCC_WARN_UNDECLARED_SELECTOR = YES;
				GCC_WARN_UNINITIALIZED_AUTOS = YES_AGGRESSIVE;
				GCC_WARN_UNUSED_FUNCTION = YES;
				GCC_WARN_UNUSED_VARIABLE = YES;
				IPHONEOS_DEPLOYMENT_TARGET = 13.0;
				MTL_ENABLE_DEBUG_INFO = INCLUDE_SOURCE;
				MTL_FAST_MATH = YES;
				ONLY_ACTIVE_ARCH = YES;
				SDKROOT = iphoneos;
				SWIFT_ACTIVE_COMPILATION_CONDITIONS = DEBUG;
				SWIFT_OPTIMIZATION_LEVEL = "-Onone";
			};
			name = Debug;
		};
		1046FFE522D5C626001698C5 /* Release */ = {
			isa = XCBuildConfiguration;
			buildSettings = {
				ALWAYS_SEARCH_USER_PATHS = NO;
				CLANG_ANALYZER_NONNULL = YES;
				CLANG_ANALYZER_NUMBER_OBJECT_CONVERSION = YES_AGGRESSIVE;
				CLANG_CXX_LANGUAGE_STANDARD = "gnu++14";
				CLANG_CXX_LIBRARY = "libc++";
				CLANG_ENABLE_MODULES = YES;
				CLANG_ENABLE_OBJC_ARC = YES;
				CLANG_ENABLE_OBJC_WEAK = YES;
				CLANG_WARN_BLOCK_CAPTURE_AUTORELEASING = YES;
				CLANG_WARN_BOOL_CONVERSION = YES;
				CLANG_WARN_COMMA = YES;
				CLANG_WARN_CONSTANT_CONVERSION = YES;
				CLANG_WARN_DEPRECATED_OBJC_IMPLEMENTATIONS = YES;
				CLANG_WARN_DIRECT_OBJC_ISA_USAGE = YES_ERROR;
				CLANG_WARN_DOCUMENTATION_COMMENTS = YES;
				CLANG_WARN_EMPTY_BODY = YES;
				CLANG_WARN_ENUM_CONVERSION = YES;
				CLANG_WARN_INFINITE_RECURSION = YES;
				CLANG_WARN_INT_CONVERSION = YES;
				CLANG_WARN_NON_LITERAL_NULL_CONVERSION = YES;
				CLANG_WARN_OBJC_IMPLICIT_RETAIN_SELF = YES;
				CLANG_WARN_OBJC_LITERAL_CONVERSION = YES;
				CLANG_WARN_OBJC_ROOT_CLASS = YES_ERROR;
				CLANG_WARN_RANGE_LOOP_ANALYSIS = YES;
				CLANG_WARN_STRICT_PROTOTYPES = YES;
				CLANG_WARN_SUSPICIOUS_MOVE = YES;
				CLANG_WARN_UNGUARDED_AVAILABILITY = YES_AGGRESSIVE;
				CLANG_WARN_UNREACHABLE_CODE = YES;
				CLANG_WARN__DUPLICATE_METHOD_MATCH = YES;
				COPY_PHASE_STRIP = NO;
				DEBUG_INFORMATION_FORMAT = "dwarf-with-dsym";
				ENABLE_NS_ASSERTIONS = NO;
				ENABLE_STRICT_OBJC_MSGSEND = YES;
				GCC_C_LANGUAGE_STANDARD = gnu11;
				GCC_NO_COMMON_BLOCKS = YES;
				GCC_WARN_64_TO_32_BIT_CONVERSION = YES;
				GCC_WARN_ABOUT_RETURN_TYPE = YES_ERROR;
				GCC_WARN_UNDECLARED_SELECTOR = YES;
				GCC_WARN_UNINITIALIZED_AUTOS = YES_AGGRESSIVE;
				GCC_WARN_UNUSED_FUNCTION = YES;
				GCC_WARN_UNUSED_VARIABLE = YES;
				IPHONEOS_DEPLOYMENT_TARGET = 13.0;
				MTL_ENABLE_DEBUG_INFO = NO;
				MTL_FAST_MATH = YES;
				SDKROOT = iphoneos;
				SWIFT_COMPILATION_MODE = wholemodule;
				SWIFT_OPTIMIZATION_LEVEL = "-O";
				VALIDATE_PRODUCT = YES;
			};
			name = Release;
		};
		1046FFE722D5C626001698C5 /* Debug */ = {
			isa = XCBuildConfiguration;
			buildSettings = {
				ASSETCATALOG_COMPILER_APPICON_NAME = AppIcon;
				CODE_SIGN_STYLE = Automatic;
				INFOPLIST_FILE = TODOAPP/Info.plist;
				LD_RUNPATH_SEARCH_PATHS = (
					"$(inherited)",
					"@executable_path/Frameworks",
				);
				PRODUCT_BUNDLE_IDENTIFIER = TomekKot.TODOAPP;
				PRODUCT_NAME = "$(TARGET_NAME)";
				SWIFT_VERSION = 5.0;
				TARGETED_DEVICE_FAMILY = "1,2";
			};
			name = Debug;
		};
		1046FFE822D5C626001698C5 /* Release */ = {
			isa = XCBuildConfiguration;
			buildSettings = {
				ASSETCATALOG_COMPILER_APPICON_NAME = AppIcon;
				CODE_SIGN_STYLE = Automatic;
				INFOPLIST_FILE = TODOAPP/Info.plist;
				LD_RUNPATH_SEARCH_PATHS = (
					"$(inherited)",
					"@executable_path/Frameworks",
				);
				PRODUCT_BUNDLE_IDENTIFIER = TomekKot.TODOAPP;
				PRODUCT_NAME = "$(TARGET_NAME)";
				SWIFT_VERSION = 5.0;
				TARGETED_DEVICE_FAMILY = "1,2";
			};
			name = Release;
		};
		1046FFEA22D5C626001698C5 /* Debug */ = {
			isa = XCBuildConfiguration;
			buildSettings = {
				ALWAYS_EMBED_SWIFT_STANDARD_LIBRARIES = YES;
				BUNDLE_LOADER = "$(TEST_HOST)";
				CODE_SIGN_STYLE = Automatic;
				INFOPLIST_FILE = TODOAPPTests/Info.plist;
				LD_RUNPATH_SEARCH_PATHS = (
					"$(inherited)",
					"@executable_path/Frameworks",
					"@loader_path/Frameworks",
				);
				PRODUCT_BUNDLE_IDENTIFIER = TomekKot.TODOAPPTests;
				PRODUCT_NAME = "$(TARGET_NAME)";
				SWIFT_VERSION = 5.0;
				TARGETED_DEVICE_FAMILY = "1,2";
				TEST_HOST = "$(BUILT_PRODUCTS_DIR)/TODOAPP.app/TODOAPP";
			};
			name = Debug;
		};
		1046FFEB22D5C626001698C5 /* Release */ = {
			isa = XCBuildConfiguration;
			buildSettings = {
				ALWAYS_EMBED_SWIFT_STANDARD_LIBRARIES = YES;
				BUNDLE_LOADER = "$(TEST_HOST)";
				CODE_SIGN_STYLE = Automatic;
				INFOPLIST_FILE = TODOAPPTests/Info.plist;
				LD_RUNPATH_SEARCH_PATHS = (
					"$(inherited)",
					"@executable_path/Frameworks",
					"@loader_path/Frameworks",
				);
				PRODUCT_BUNDLE_IDENTIFIER = TomekKot.TODOAPPTests;
				PRODUCT_NAME = "$(TARGET_NAME)";
				SWIFT_VERSION = 5.0;
				TARGETED_DEVICE_FAMILY = "1,2";
				TEST_HOST = "$(BUILT_PRODUCTS_DIR)/TODOAPP.app/TODOAPP";
			};
			name = Release;
		};
		1046FFED22D5C626001698C5 /* Debug */ = {
			isa = XCBuildConfiguration;
			buildSettings = {
				ALWAYS_EMBED_SWIFT_STANDARD_LIBRARIES = YES;
				CODE_SIGN_STYLE = Automatic;
				INFOPLIST_FILE = TODOAPPUITests/Info.plist;
				LD_RUNPATH_SEARCH_PATHS = (
					"$(inherited)",
					"@executable_path/Frameworks",
					"@loader_path/Frameworks",
				);
				PRODUCT_BUNDLE_IDENTIFIER = TomekKot.TODOAPPUITests;
				PRODUCT_NAME = "$(TARGET_NAME)";
				SWIFT_VERSION = 5.0;
				TARGETED_DEVICE_FAMILY = "1,2";
				TEST_TARGET_NAME = TODOAPP;
			};
			name = Debug;
		};
		1046FFEE22D5C626001698C5 /* Release */ = {
			isa = XCBuildConfiguration;
			buildSettings = {
				ALWAYS_EMBED_SWIFT_STANDARD_LIBRARIES = YES;
				CODE_SIGN_STYLE = Automatic;
				INFOPLIST_FILE = TODOAPPUITests/Info.plist;
				LD_RUNPATH_SEARCH_PATHS = (
					"$(inherited)",
					"@executable_path/Frameworks",
					"@loader_path/Frameworks",
				);
				PRODUCT_BUNDLE_IDENTIFIER = TomekKot.TODOAPPUITests;
				PRODUCT_NAME = "$(TARGET_NAME)";
				SWIFT_VERSION = 5.0;
				TARGETED_DEVICE_FAMILY = "1,2";
				TEST_TARGET_NAME = TODOAPP;
			};
			name = Release;
		};
/* End XCBuildConfiguration section */

/* Begin XCConfigurationList section */
		1046FFB422D5C626001698C5 /* Build configuration list for PBXProject "TODOAPP" */ = {
			isa = XCConfigurationList;
			buildConfigurations = (
				1046FFE422D5C626001698C5 /* Debug */,
				1046FFE522D5C626001698C5 /* Release */,
			);
			defaultConfigurationIsVisible = 0;
			defaultConfigurationName = Release;
		};
		1046FFE622D5C626001698C5 /* Build configuration list for PBXNativeTarget "TODOAPP" */ = {
			isa = XCConfigurationList;
			buildConfigurations = (
				1046FFE722D5C626001698C5 /* Debug */,
				1046FFE822D5C626001698C5 /* Release */,
			);
			defaultConfigurationIsVisible = 0;
			defaultConfigurationName = Release;
		};
		1046FFE922D5C626001698C5 /* Build configuration list for PBXNativeTarget "TODOAPPTests" */ = {
			isa = XCConfigurationList;
			buildConfigurations = (
				1046FFEA22D5C626001698C5 /* Debug */,
				1046FFEB22D5C626001698C5 /* Release */,
			);
			defaultConfigurationIsVisible = 0;
			defaultConfigurationName = Release;
		};
		1046FFEC22D5C626001698C5 /* Build configuration list for PBXNativeTarget "TODOAPPUITests" */ = {
			isa = XCConfigurationList;
			buildConfigurations = (
				1046FFED22D5C626001698C5 /* Debug */,
				1046FFEE22D5C626001698C5 /* Release */,
			);
			defaultConfigurationIsVisible = 0;
			defaultConfigurationName = Release;
		};
/* End XCConfigurationList section */

/* Begin XCVersionGroup section */
		1046FFC522D5C626001698C5 /* TODOAPP.xcdatamodeld */ = {
			isa = XCVersionGroup;
			children = (
				1046FFC622D5C626001698C5 /* TODOAPP.xcdatamodel */,
			);
			currentVersion = 1046FFC622D5C626001698C5 /* TODOAPP.xcdatamodel */;
			path = TODOAPP.xcdatamodeld;
			sourceTree = "<group>";
			versionGroupType = wrapper.xcdatamodel;
		};
/* End XCVersionGroup section */
	};
	rootObject = 1046FFB122D5C626001698C5 /* Project object */;
}
